{
  "requires": true,
  "lockfileVersion": 1,
  "dependencies": {
    "eric-palindrome": {
      "version": "1.0.0",
      "resolved": "https://registry.npmjs.org/eric-palindrome/-/eric-palindrome-1.0.0.tgz",
      "integrity": "sha512-4MaQlfVNmQ9LjvZDtKRxAuqQPfp2CjH6/bVOGtK3qbPal1TrmRzf80TJ73QfIEUk9/pAx5iIxa41r3tYfpScoQ=="
    }
  }
}
