{
  "requires": true,
  "lockfileVersion": 1,
  "dependencies": {
    "eric-palindrome": {
      "version": "0.1.0",
      "resolved": "https://registry.npmjs.org/eric-palindrome/-/eric-palindrome-0.1.0.tgz",
      "integrity": "sha512-yqAvik/9k9Uox9nX8abuQ3uqRI58ZBv0SEqO0WaDJuE4cnd+Kh7/RMpOkPnJFyaZ2oUe10pH2y2DuKMq9ckvbQ=="
    }
  }
}
